
Microsoft Visual Studio Solution File, Format Version 12.00
Project("{FAE04EC0-301F-11D3-BF4B-00C04F79EFBC}") = "HW2-RestfulApi", "HW2-RestfulApi\HW2-RestfulApi.csproj", "{92201A55-6906-467D-BAD0-4EC098974E93}"
EndProject
Global
	GlobalSection(SolutionConfigurationPlatforms) = preSolution
		Debug|Any CPU = Debug|Any CPU
		Release|Any CPU = Release|Any CPU
	EndGlobalSection
	GlobalSection(ProjectConfigurationPlatforms) = postSolution
		{92201A55-6906-467D-BAD0-4EC098974E93}.Debug|Any CPU.ActiveCfg = Debug|Any CPU
		{92201A55-6906-467D-BAD0-4EC098974E93}.Debug|Any CPU.Build.0 = Debug|Any CPU
		{92201A55-6906-467D-BAD0-4EC098974E93}.Release|Any CPU.ActiveCfg = Release|Any CPU
		{92201A55-6906-467D-BAD0-4EC098974E93}.Release|Any CPU.Build.0 = Release|Any CPU
	EndGlobalSection
EndGlobal
